
Microsoft Visual Studio Solution File, Format Version 12.00
# Visual Studio Version 17
VisualStudioVersion = 17.11.35312.102
MinimumVisualStudioVersion = 10.0.40219.1
Project("{8BC9CEB8-8B4A-11D0-8D11-00A0C91BC942}") = "HWP10-9", "HWP10-9\HWP10-9.vcxproj", "{FC0B22AD-CB41-4B53-998A-50A9B9626842}"
EndProject
Global
	GlobalSection(SolutionConfigurationPlatforms) = preSolution
		Debug|x64 = Debug|x64
		Debug|x86 = Debug|x86
		Release|x64 = Release|x64
		Release|x86 = Release|x86
	EndGlobalSection
	GlobalSection(ProjectConfigurationPlatforms) = postSolution
		{FC0B22AD-CB41-4B53-998A-50A9B9626842}.Debug|x64.ActiveCfg = Debug|x64
		{FC0B22AD-CB41-4B53-998A-50A9B9626842}.Debug|x64.Build.0 = Debug|x64
		{FC0B22AD-CB41-4B53-998A-50A9B9626842}.Debug|x86.ActiveCfg = Debug|Win32
		{FC0B22AD-CB41-4B53-998A-50A9B9626842}.Debug|x86.Build.0 = Debug|Win32
		{FC0B22AD-CB41-4B53-998A-50A9B9626842}.Release|x64.ActiveCfg = Release|x64
		{FC0B22AD-CB41-4B53-998A-50A9B9626842}.Release|x64.Build.0 = Release|x64
		{FC0B22AD-CB41-4B53-998A-50A9B9626842}.Release|x86.ActiveCfg = Release|Win32
		{FC0B22AD-CB41-4B53-998A-50A9B9626842}.Release|x86.Build.0 = Release|Win32
	EndGlobalSection
	GlobalSection(SolutionProperties) = preSolution
		HideSolutionNode = FALSE
	EndGlobalSection
	GlobalSection(ExtensibilityGlobals) = postSolution
		SolutionGuid = {DF5F5D29-A25F-4276-9F49-7C483D8E394F}
	EndGlobalSection
EndGlobal
